
Microsoft Visual Studio Solution File, Format Version 12.00
# Visual Studio Version 16
VisualStudioVersion = 16.0.29102.190
MinimumVisualStudioVersion = 10.0.40219.1
Project("{FAE04EC0-301F-11D3-BF4B-00C04F79EFBC}") = "ConsoleApp1", "ConsoleApp1\ConsoleApp1.csproj", "{57FAA34E-DE63-4A30-A392-15A2D7DA6686}"
EndProject
Global
	GlobalSection(SolutionConfigurationPlatforms) = preSolution
		Debug|Any CPU = Debug|Any CPU
		Release|Any CPU = Release|Any CPU
	EndGlobalSection
	GlobalSection(ProjectConfigurationPlatforms) = postSolution
		{57FAA34E-DE63-4A30-A392-15A2D7DA6686}.Debug|Any CPU.ActiveCfg = Debug|Any CPU
		{57FAA34E-DE63-4A30-A392-15A2D7DA6686}.Debug|Any CPU.Build.0 = Debug|Any CPU
		{57FAA34E-DE63-4A30-A392-15A2D7DA6686}.Release|Any CPU.ActiveCfg = Release|Any CPU
		{57FAA34E-DE63-4A30-A392-15A2D7DA6686}.Release|Any CPU.Build.0 = Release|Any CPU
	EndGlobalSection
	GlobalSection(SolutionProperties) = preSolution
		HideSolutionNode = FALSE
	EndGlobalSection
	GlobalSection(ExtensibilityGlobals) = postSolution
		SolutionGuid = {46517D88-BB66-4B57-99CD-4FF851495A86}
	EndGlobalSection
EndGlobal
